
Microsoft Visual Studio Solution File, Format Version 11.00
# Visual Studio 2010
Project("{2150E333-8FDC-42A3-9474-1A3956D46DE8}") = ".nuget", ".nuget", "{EE5E75EC-4243-4D82-BCB7-096EA80328EA}"
	ProjectSection(SolutionItems) = preProject
		.nuget\NuGet.Config = .nuget\NuGet.Config
		.nuget\NuGet.exe = .nuget\NuGet.exe
		.nuget\NuGet.targets = .nuget\NuGet.targets
	EndProjectSection
EndProject
Project("{FAE04EC0-301F-11D3-BF4B-00C04F79EFBC}") = "Bari.Core", "Bari.Core\Bari.Core.csproj", "{01851996-5B69-42C1-A6A3-409BE497132F}"
EndProject
Project("{FAE04EC0-301F-11D3-BF4B-00C04F79EFBC}") = "Bari.Core.Test", "tests\Bari.Core.Test\Bari.Core.Test.csproj", "{7AE51D83-BD38-42E0-A5F8-30D2D6714903}"
EndProject
Project("{FAE04EC0-301F-11D3-BF4B-00C04F79EFBC}") = "bari", "bari\bari.csproj", "{EC03BDC4-FAA9-454F-9D03-21ED58669231}"
EndProject
Project("{FAE04EC0-301F-11D3-BF4B-00C04F79EFBC}") = "Bari.Plugins.Csharp", "Bari.Plugins.Csharp\Bari.Plugins.Csharp.csproj", "{A3F7C2D0-E715-476C-AFA6-70E5BAAB84A7}"
EndProject
Global
	GlobalSection(SolutionConfigurationPlatforms) = preSolution
		Debug|Any CPU = Debug|Any CPU
		Debug|Mixed Platforms = Debug|Mixed Platforms
		Debug|x86 = Debug|x86
		Release|Any CPU = Release|Any CPU
		Release|Mixed Platforms = Release|Mixed Platforms
		Release|x86 = Release|x86
	EndGlobalSection
	GlobalSection(ProjectConfigurationPlatforms) = postSolution
		{01851996-5B69-42C1-A6A3-409BE497132F}.Debug|Any CPU.ActiveCfg = Debug|Any CPU
		{01851996-5B69-42C1-A6A3-409BE497132F}.Debug|Any CPU.Build.0 = Debug|Any CPU
		{01851996-5B69-42C1-A6A3-409BE497132F}.Debug|Mixed Platforms.ActiveCfg = Debug|Any CPU
		{01851996-5B69-42C1-A6A3-409BE497132F}.Debug|Mixed Platforms.Build.0 = Debug|Any CPU
		{01851996-5B69-42C1-A6A3-409BE497132F}.Debug|x86.ActiveCfg = Debug|Any CPU
		{01851996-5B69-42C1-A6A3-409BE497132F}.Release|Any CPU.ActiveCfg = Release|Any CPU
		{01851996-5B69-42C1-A6A3-409BE497132F}.Release|Any CPU.Build.0 = Release|Any CPU
		{01851996-5B69-42C1-A6A3-409BE497132F}.Release|Mixed Platforms.ActiveCfg = Release|Any CPU
		{01851996-5B69-42C1-A6A3-409BE497132F}.Release|Mixed Platforms.Build.0 = Release|Any CPU
		{01851996-5B69-42C1-A6A3-409BE497132F}.Release|x86.ActiveCfg = Release|Any CPU
		{7AE51D83-BD38-42E0-A5F8-30D2D6714903}.Debug|Any CPU.ActiveCfg = Debug|Any CPU
		{7AE51D83-BD38-42E0-A5F8-30D2D6714903}.Debug|Any CPU.Build.0 = Debug|Any CPU
		{7AE51D83-BD38-42E0-A5F8-30D2D6714903}.Debug|Mixed Platforms.ActiveCfg = Debug|Any CPU
		{7AE51D83-BD38-42E0-A5F8-30D2D6714903}.Debug|Mixed Platforms.Build.0 = Debug|Any CPU
		{7AE51D83-BD38-42E0-A5F8-30D2D6714903}.Debug|x86.ActiveCfg = Debug|Any CPU
		{7AE51D83-BD38-42E0-A5F8-30D2D6714903}.Release|Any CPU.ActiveCfg = Release|Any CPU
		{7AE51D83-BD38-42E0-A5F8-30D2D6714903}.Release|Any CPU.Build.0 = Release|Any CPU
		{7AE51D83-BD38-42E0-A5F8-30D2D6714903}.Release|Mixed Platforms.ActiveCfg = Release|Any CPU
		{7AE51D83-BD38-42E0-A5F8-30D2D6714903}.Release|Mixed Platforms.Build.0 = Release|Any CPU
		{7AE51D83-BD38-42E0-A5F8-30D2D6714903}.Release|x86.ActiveCfg = Release|Any CPU
		{EC03BDC4-FAA9-454F-9D03-21ED58669231}.Debug|Any CPU.ActiveCfg = Debug|x86
		{EC03BDC4-FAA9-454F-9D03-21ED58669231}.Debug|Any CPU.Build.0 = Debug|x86
		{EC03BDC4-FAA9-454F-9D03-21ED58669231}.Debug|Mixed Platforms.ActiveCfg = Debug|x86
		{EC03BDC4-FAA9-454F-9D03-21ED58669231}.Debug|Mixed Platforms.Build.0 = Debug|x86
		{EC03BDC4-FAA9-454F-9D03-21ED58669231}.Debug|x86.ActiveCfg = Debug|x86
		{EC03BDC4-FAA9-454F-9D03-21ED58669231}.Debug|x86.Build.0 = Debug|x86
		{EC03BDC4-FAA9-454F-9D03-21ED58669231}.Release|Any CPU.ActiveCfg = Release|x86
		{EC03BDC4-FAA9-454F-9D03-21ED58669231}.Release|Mixed Platforms.ActiveCfg = Release|x86
		{EC03BDC4-FAA9-454F-9D03-21ED58669231}.Release|Mixed Platforms.Build.0 = Release|x86
		{EC03BDC4-FAA9-454F-9D03-21ED58669231}.Release|x86.ActiveCfg = Release|x86
		{EC03BDC4-FAA9-454F-9D03-21ED58669231}.Release|x86.Build.0 = Release|x86
		{A3F7C2D0-E715-476C-AFA6-70E5BAAB84A7}.Debug|Any CPU.ActiveCfg = Debug|Any CPU
		{A3F7C2D0-E715-476C-AFA6-70E5BAAB84A7}.Debug|Any CPU.Build.0 = Debug|Any CPU
		{A3F7C2D0-E715-476C-AFA6-70E5BAAB84A7}.Debug|Mixed Platforms.ActiveCfg = Debug|Any CPU
		{A3F7C2D0-E715-476C-AFA6-70E5BAAB84A7}.Debug|Mixed Platforms.Build.0 = Debug|Any CPU
		{A3F7C2D0-E715-476C-AFA6-70E5BAAB84A7}.Debug|x86.ActiveCfg = Debug|Any CPU
		{A3F7C2D0-E715-476C-AFA6-70E5BAAB84A7}.Release|Any CPU.ActiveCfg = Release|Any CPU
		{A3F7C2D0-E715-476C-AFA6-70E5BAAB84A7}.Release|Any CPU.Build.0 = Release|Any CPU
		{A3F7C2D0-E715-476C-AFA6-70E5BAAB84A7}.Release|Mixed Platforms.ActiveCfg = Release|Any CPU
		{A3F7C2D0-E715-476C-AFA6-70E5BAAB84A7}.Release|Mixed Platforms.Build.0 = Release|Any CPU
		{A3F7C2D0-E715-476C-AFA6-70E5BAAB84A7}.Release|x86.ActiveCfg = Release|Any CPU
	EndGlobalSection
	GlobalSection(SolutionProperties) = preSolution
		HideSolutionNode = FALSE
	EndGlobalSection
EndGlobal
